// !$*UTF8*$!
{
	archiveVersion = 1;
	classes = {
	};
	objectVersion = 45;
	objects = {

/* Begin PBXBuildFile section */
		1DDD58160DA1D0A300B32029 /* MainMenu.xib in Resources */ = {isa = PBXBuildFile; fileRef = 1DDD58140DA1D0A300B32029 /* MainMenu.xib */; };
		256AC3DA0F4B6AC300CF3369 /* SosumiAppDelegate.m in Sources */ = {isa = PBXBuildFile; fileRef = 256AC3D90F4B6AC300CF3369 /* SosumiAppDelegate.m */; };
		8D11072B0486CEB800E47090 /* InfoPlist.strings in Resources */ = {isa = PBXBuildFile; fileRef = 089C165CFE840E0CC02AAC07 /* InfoPlist.strings */; };
		8D11072D0486CEB800E47090 /* main.m in Sources */ = {isa = PBXBuildFile; fileRef = 29B97316FDCFA39411CA2CEA /* main.m */; settings = {ATTRIBUTES = (); }; };
		8D11072F0486CEB800E47090 /* Cocoa.framework in Frameworks */ = {isa = PBXBuildFile; fileRef = 1058C7A1FEA54F0111CA2CBB /* Cocoa.framework */; };
		C68F2E3312B1C0DF00960C67 /* SSMManager.m in Sources */ = {isa = PBXBuildFile; fileRef = C68F2E3212B1C0DF00960C67 /* SSMManager.m */; };
		C68F2E3D12B1C0FF00960C67 /* GTMHTTPFetcher.m in Sources */ = {isa = PBXBuildFile; fileRef = C68F2E3612B1C0FF00960C67 /* GTMHTTPFetcher.m */; };
		C68F2E3E12B1C0FF00960C67 /* GTMHTTPFetcherLogging.m in Sources */ = {isa = PBXBuildFile; fileRef = C68F2E3812B1C0FF00960C67 /* GTMHTTPFetcherLogging.m */; };
		C68F2E3F12B1C0FF00960C67 /* GTMHTTPFetcherService.m in Sources */ = {isa = PBXBuildFile; fileRef = C68F2E3A12B1C0FF00960C67 /* GTMHTTPFetcherService.m */; };
		C68F2E4012B1C0FF00960C67 /* GTMHTTPFetchHistory.m in Sources */ = {isa = PBXBuildFile; fileRef = C68F2E3C12B1C0FF00960C67 /* GTMHTTPFetchHistory.m */; };
		C68F2E5312B1C6D100960C67 /* NSData+Base64.m in Sources */ = {isa = PBXBuildFile; fileRef = C68F2E5212B1C6D100960C67 /* NSData+Base64.m */; };
		C68F2E5612B1C7B600960C67 /* SSMAccount.m in Sources */ = {isa = PBXBuildFile; fileRef = C68F2E5512B1C7B600960C67 /* SSMAccount.m */; };
		C6973A5312B1DF7D00FE5982 /* NSObject+SBJSON.m in Sources */ = {isa = PBXBuildFile; fileRef = C6973A4A12B1DF7D00FE5982 /* NSObject+SBJSON.m */; };
		C6973A5412B1DF7D00FE5982 /* NSString+SBJSON.m in Sources */ = {isa = PBXBuildFile; fileRef = C6973A4C12B1DF7D00FE5982 /* NSString+SBJSON.m */; };
		C6973A5512B1DF7D00FE5982 /* SBJsonBase.m in Sources */ = {isa = PBXBuildFile; fileRef = C6973A4E12B1DF7D00FE5982 /* SBJsonBase.m */; };
		C6973A5612B1DF7D00FE5982 /* SBJsonParser.m in Sources */ = {isa = PBXBuildFile; fileRef = C6973A5012B1DF7D00FE5982 /* SBJsonParser.m */; };
		C6973A5712B1DF7D00FE5982 /* SBJsonWriter.m in Sources */ = {isa = PBXBuildFile; fileRef = C6973A5212B1DF7D00FE5982 /* SBJsonWriter.m */; };
/* End PBXBuildFile section */

/* Begin PBXFileReference section */
		089C165DFE840E0CC02AAC07 /* English */ = {isa = PBXFileReference; fileEncoding = 4; lastKnownFileType = text.plist.strings; name = English; path = English.lproj/InfoPlist.strings; sourceTree = "<group>"; };
		1058C7A1FEA54F0111CA2CBB /* Cocoa.framework */ = {isa = PBXFileReference; lastKnownFileType = wrapper.framework; name = Cocoa.framework; path = /System/Library/Frameworks/Cocoa.framework; sourceTree = "<absolute>"; };
		13E42FB307B3F0F600E4EEF1 /* CoreData.framework */ = {isa = PBXFileReference; lastKnownFileType = wrapper.framework; name = CoreData.framework; path = /System/Library/Frameworks/CoreData.framework; sourceTree = "<absolute>"; };
		1DDD58150DA1D0A300B32029 /* English */ = {isa = PBXFileReference; lastKnownFileType = file.xib; name = English; path = English.lproj/MainMenu.xib; sourceTree = "<group>"; };
		256AC3D80F4B6AC300CF3369 /* SosumiAppDelegate.h */ = {isa = PBXFileReference; fileEncoding = 4; lastKnownFileType = sourcecode.c.h; path = SosumiAppDelegate.h; sourceTree = "<group>"; };
		256AC3D90F4B6AC300CF3369 /* SosumiAppDelegate.m */ = {isa = PBXFileReference; fileEncoding = 4; lastKnownFileType = sourcecode.c.objc; path = SosumiAppDelegate.m; sourceTree = "<group>"; };
		256AC3F00F4B6AF500CF3369 /* Sosumi_Prefix.pch */ = {isa = PBXFileReference; fileEncoding = 4; lastKnownFileType = sourcecode.c.h; path = Sosumi_Prefix.pch; sourceTree = "<group>"; };
		29B97316FDCFA39411CA2CEA /* main.m */ = {isa = PBXFileReference; fileEncoding = 4; lastKnownFileType = sourcecode.c.objc; path = main.m; sourceTree = "<group>"; };
		29B97324FDCFA39411CA2CEA /* AppKit.framework */ = {isa = PBXFileReference; lastKnownFileType = wrapper.framework; name = AppKit.framework; path = /System/Library/Frameworks/AppKit.framework; sourceTree = "<absolute>"; };
		29B97325FDCFA39411CA2CEA /* Foundation.framework */ = {isa = PBXFileReference; lastKnownFileType = wrapper.framework; name = Foundation.framework; path = /System/Library/Frameworks/Foundation.framework; sourceTree = "<absolute>"; };
		8D1107310486CEB800E47090 /* Sosumi-Info.plist */ = {isa = PBXFileReference; fileEncoding = 4; lastKnownFileType = text.plist.xml; path = "Sosumi-Info.plist"; sourceTree = "<group>"; };
		8D1107320486CEB800E47090 /* Sosumi.app */ = {isa = PBXFileReference; explicitFileType = wrapper.application; includeInIndex = 0; path = Sosumi.app; sourceTree = BUILT_PRODUCTS_DIR; };
		C68F2E3112B1C0DF00960C67 /* SSMManager.h */ = {isa = PBXFileReference; fileEncoding = 4; lastKnownFileType = sourcecode.c.h; path = SSMManager.h; sourceTree = "<group>"; };
		C68F2E3212B1C0DF00960C67 /* SSMManager.m */ = {isa = PBXFileReference; fileEncoding = 4; lastKnownFileType = sourcecode.c.objc; path = SSMManager.m; sourceTree = "<group>"; };
		C68F2E3512B1C0FF00960C67 /* GTMHTTPFetcher.h */ = {isa = PBXFileReference; fileEncoding = 4; lastKnownFileType = sourcecode.c.h; path = GTMHTTPFetcher.h; sourceTree = "<group>"; };
		C68F2E3612B1C0FF00960C67 /* GTMHTTPFetcher.m */ = {isa = PBXFileReference; fileEncoding = 4; lastKnownFileType = sourcecode.c.objc; path = GTMHTTPFetcher.m; sourceTree = "<group>"; };
		C68F2E3712B1C0FF00960C67 /* GTMHTTPFetcherLogging.h */ = {isa = PBXFileReference; fileEncoding = 4; lastKnownFileType = sourcecode.c.h; path = GTMHTTPFetcherLogging.h; sourceTree = "<group>"; };
		C68F2E3812B1C0FF00960C67 /* GTMHTTPFetcherLogging.m */ = {isa = PBXFileReference; fileEncoding = 4; lastKnownFileType = sourcecode.c.objc; path = GTMHTTPFetcherLogging.m; sourceTree = "<group>"; };
		C68F2E3912B1C0FF00960C67 /* GTMHTTPFetcherService.h */ = {isa = PBXFileReference; fileEncoding = 4; lastKnownFileType = sourcecode.c.h; path = GTMHTTPFetcherService.h; sourceTree = "<group>"; };
		C68F2E3A12B1C0FF00960C67 /* GTMHTTPFetcherService.m */ = {isa = PBXFileReference; fileEncoding = 4; lastKnownFileType = sourcecode.c.objc; path = GTMHTTPFetcherService.m; sourceTree = "<group>"; };
		C68F2E3B12B1C0FF00960C67 /* GTMHTTPFetchHistory.h */ = {isa = PBXFileReference; fileEncoding = 4; lastKnownFileType = sourcecode.c.h; path = GTMHTTPFetchHistory.h; sourceTree = "<group>"; };
		C68F2E3C12B1C0FF00960C67 /* GTMHTTPFetchHistory.m */ = {isa = PBXFileReference; fileEncoding = 4; lastKnownFileType = sourcecode.c.objc; path = GTMHTTPFetchHistory.m; sourceTree = "<group>"; };
		C68F2E5112B1C6D100960C67 /* NSData+Base64.h */ = {isa = PBXFileReference; fileEncoding = 4; lastKnownFileType = sourcecode.c.h; path = "NSData+Base64.h"; sourceTree = "<group>"; };
		C68F2E5212B1C6D100960C67 /* NSData+Base64.m */ = {isa = PBXFileReference; fileEncoding = 4; lastKnownFileType = sourcecode.c.objc; path = "NSData+Base64.m"; sourceTree = "<group>"; };
		C68F2E5412B1C7B600960C67 /* SSMAccount.h */ = {isa = PBXFileReference; fileEncoding = 4; lastKnownFileType = sourcecode.c.h; path = SSMAccount.h; sourceTree = "<group>"; };
		C68F2E5512B1C7B600960C67 /* SSMAccount.m */ = {isa = PBXFileReference; fileEncoding = 4; lastKnownFileType = sourcecode.c.objc; path = SSMAccount.m; sourceTree = "<group>"; };
		C6973A4812B1DF7D00FE5982 /* JSON.h */ = {isa = PBXFileReference; fileEncoding = 4; lastKnownFileType = sourcecode.c.h; path = JSON.h; sourceTree = "<group>"; };
		C6973A4912B1DF7D00FE5982 /* NSObject+SBJSON.h */ = {isa = PBXFileReference; fileEncoding = 4; lastKnownFileType = sourcecode.c.h; path = "NSObject+SBJSON.h"; sourceTree = "<group>"; };
		C6973A4A12B1DF7D00FE5982 /* NSObject+SBJSON.m */ = {isa = PBXFileReference; fileEncoding = 4; lastKnownFileType = sourcecode.c.objc; path = "NSObject+SBJSON.m"; sourceTree = "<group>"; };
		C6973A4B12B1DF7D00FE5982 /* NSString+SBJSON.h */ = {isa = PBXFileReference; fileEncoding = 4; lastKnownFileType = sourcecode.c.h; path = "NSString+SBJSON.h"; sourceTree = "<group>"; };
		C6973A4C12B1DF7D00FE5982 /* NSString+SBJSON.m */ = {isa = PBXFileReference; fileEncoding = 4; lastKnownFileType = sourcecode.c.objc; path = "NSString+SBJSON.m"; sourceTree = "<group>"; };
		C6973A4D12B1DF7D00FE5982 /* SBJsonBase.h */ = {isa = PBXFileReference; fileEncoding = 4; lastKnownFileType = sourcecode.c.h; path = SBJsonBase.h; sourceTree = "<group>"; };
		C6973A4E12B1DF7D00FE5982 /* SBJsonBase.m */ = {isa = PBXFileReference; fileEncoding = 4; lastKnownFileType = sourcecode.c.objc; path = SBJsonBase.m; sourceTree = "<group>"; };
		C6973A4F12B1DF7D00FE5982 /* SBJsonParser.h */ = {isa = PBXFileReference; fileEncoding = 4; lastKnownFileType = sourcecode.c.h; path = SBJsonParser.h; sourceTree = "<group>"; };
		C6973A5012B1DF7D00FE5982 /* SBJsonParser.m */ = {isa = PBXFileReference; fileEncoding = 4; lastKnownFileType = sourcecode.c.objc; path = SBJsonParser.m; sourceTree = "<group>"; };
		C6973A5112B1DF7D00FE5982 /* SBJsonWriter.h */ = {isa = PBXFileReference; fileEncoding = 4; lastKnownFileType = sourcecode.c.h; path = SBJsonWriter.h; sourceTree = "<group>"; };
		C6973A5212B1DF7D00FE5982 /* SBJsonWriter.m */ = {isa = PBXFileReference; fileEncoding = 4; lastKnownFileType = sourcecode.c.objc; path = SBJsonWriter.m; sourceTree = "<group>"; };
/* End PBXFileReference section */

/* Begin PBXFrameworksBuildPhase section */
		8D11072E0486CEB800E47090 /* Frameworks */ = {
			isa = PBXFrameworksBuildPhase;
			buildActionMask = 2147483647;
			files = (
				8D11072F0486CEB800E47090 /* Cocoa.framework in Frameworks */,
			);
			runOnlyForDeploymentPostprocessing = 0;
		};
/* End PBXFrameworksBuildPhase section */

/* Begin PBXGroup section */
		080E96DDFE201D6D7F000001 /* Classes */ = {
			isa = PBXGroup;
			children = (
				256AC3D80F4B6AC300CF3369 /* SosumiAppDelegate.h */,
				256AC3D90F4B6AC300CF3369 /* SosumiAppDelegate.m */,
				C68F2E3112B1C0DF00960C67 /* SSMManager.h */,
				C68F2E3212B1C0DF00960C67 /* SSMManager.m */,
				C68F2E5412B1C7B600960C67 /* SSMAccount.h */,
				C68F2E5512B1C7B600960C67 /* SSMAccount.m */,
			);
			name = Classes;
			sourceTree = "<group>";
		};
		1058C7A0FEA54F0111CA2CBB /* Linked Frameworks */ = {
			isa = PBXGroup;
			children = (
				1058C7A1FEA54F0111CA2CBB /* Cocoa.framework */,
			);
			name = "Linked Frameworks";
			sourceTree = "<group>";
		};
		1058C7A2FEA54F0111CA2CBB /* Other Frameworks */ = {
			isa = PBXGroup;
			children = (
				29B97324FDCFA39411CA2CEA /* AppKit.framework */,
				13E42FB307B3F0F600E4EEF1 /* CoreData.framework */,
				29B97325FDCFA39411CA2CEA /* Foundation.framework */,
			);
			name = "Other Frameworks";
			sourceTree = "<group>";
		};
		19C28FACFE9D520D11CA2CBB /* Products */ = {
			isa = PBXGroup;
			children = (
				8D1107320486CEB800E47090 /* Sosumi.app */,
			);
			name = Products;
			sourceTree = "<group>";
		};
		29B97314FDCFA39411CA2CEA /* Sosumi */ = {
			isa = PBXGroup;
			children = (
				080E96DDFE201D6D7F000001 /* Classes */,
				29B97315FDCFA39411CA2CEA /* Other Sources */,
				29B97317FDCFA39411CA2CEA /* Resources */,
				29B97323FDCFA39411CA2CEA /* Frameworks */,
				19C28FACFE9D520D11CA2CBB /* Products */,
			);
			name = Sosumi;
			sourceTree = "<group>";
		};
		29B97315FDCFA39411CA2CEA /* Other Sources */ = {
			isa = PBXGroup;
			children = (
				C68F2E5112B1C6D100960C67 /* NSData+Base64.h */,
				C68F2E5212B1C6D100960C67 /* NSData+Base64.m */,
				C6973A4712B1DF7D00FE5982 /* JSON */,
				C68F2E3412B1C0FF00960C67 /* GTMHTTPFetcher */,
				256AC3F00F4B6AF500CF3369 /* Sosumi_Prefix.pch */,
				29B97316FDCFA39411CA2CEA /* main.m */,
			);
			name = "Other Sources";
			sourceTree = "<group>";
		};
		29B97317FDCFA39411CA2CEA /* Resources */ = {
			isa = PBXGroup;
			children = (
				8D1107310486CEB800E47090 /* Sosumi-Info.plist */,
				089C165CFE840E0CC02AAC07 /* InfoPlist.strings */,
				1DDD58140DA1D0A300B32029 /* MainMenu.xib */,
			);
			name = Resources;
			sourceTree = "<group>";
		};
		29B97323FDCFA39411CA2CEA /* Frameworks */ = {
			isa = PBXGroup;
			children = (
				1058C7A0FEA54F0111CA2CBB /* Linked Frameworks */,
				1058C7A2FEA54F0111CA2CBB /* Other Frameworks */,
			);
			name = Frameworks;
			sourceTree = "<group>";
		};
		C68F2E3412B1C0FF00960C67 /* GTMHTTPFetcher */ = {
			isa = PBXGroup;
			children = (
				C68F2E3512B1C0FF00960C67 /* GTMHTTPFetcher.h */,
				C68F2E3612B1C0FF00960C67 /* GTMHTTPFetcher.m */,
				C68F2E3712B1C0FF00960C67 /* GTMHTTPFetcherLogging.h */,
				C68F2E3812B1C0FF00960C67 /* GTMHTTPFetcherLogging.m */,
				C68F2E3912B1C0FF00960C67 /* GTMHTTPFetcherService.h */,
				C68F2E3A12B1C0FF00960C67 /* GTMHTTPFetcherService.m */,
				C68F2E3B12B1C0FF00960C67 /* GTMHTTPFetchHistory.h */,
				C68F2E3C12B1C0FF00960C67 /* GTMHTTPFetchHistory.m */,
			);
			path = GTMHTTPFetcher;
			sourceTree = "<group>";
		};
		C6973A4712B1DF7D00FE5982 /* JSON */ = {
			isa = PBXGroup;
			children = (
				C6973A4812B1DF7D00FE5982 /* JSON.h */,
				C6973A4912B1DF7D00FE5982 /* NSObject+SBJSON.h */,
				C6973A4A12B1DF7D00FE5982 /* NSObject+SBJSON.m */,
				C6973A4B12B1DF7D00FE5982 /* NSString+SBJSON.h */,
				C6973A4C12B1DF7D00FE5982 /* NSString+SBJSON.m */,
				C6973A4D12B1DF7D00FE5982 /* SBJsonBase.h */,
				C6973A4E12B1DF7D00FE5982 /* SBJsonBase.m */,
				C6973A4F12B1DF7D00FE5982 /* SBJsonParser.h */,
				C6973A5012B1DF7D00FE5982 /* SBJsonParser.m */,
				C6973A5112B1DF7D00FE5982 /* SBJsonWriter.h */,
				C6973A5212B1DF7D00FE5982 /* SBJsonWriter.m */,
			);
			path = JSON;
			sourceTree = "<group>";
		};
/* End PBXGroup section */

/* Begin PBXNativeTarget section */
		8D1107260486CEB800E47090 /* Sosumi */ = {
			isa = PBXNativeTarget;
			buildConfigurationList = C01FCF4A08A954540054247B /* Build configuration list for PBXNativeTarget "Sosumi" */;
			buildPhases = (
				8D1107290486CEB800E47090 /* Resources */,
				8D11072C0486CEB800E47090 /* Sources */,
				8D11072E0486CEB800E47090 /* Frameworks */,
			);
			buildRules = (
			);
			dependencies = (
			);
			name = Sosumi;
			productInstallPath = "$(HOME)/Applications";
			productName = Sosumi;
			productReference = 8D1107320486CEB800E47090 /* Sosumi.app */;
			productType = "com.apple.product-type.application";
		};
/* End PBXNativeTarget section */

/* Begin PBXProject section */
		29B97313FDCFA39411CA2CEA /* Project object */ = {
			isa = PBXProject;
			buildConfigurationList = C01FCF4E08A954540054247B /* Build configuration list for PBXProject "Sosumi" */;
			compatibilityVersion = "Xcode 3.1";
			developmentRegion = English;
			hasScannedForEncodings = 1;
			knownRegions = (
				English,
				Japanese,
				French,
				German,
			);
			mainGroup = 29B97314FDCFA39411CA2CEA /* Sosumi */;
			projectDirPath = "";
			projectRoot = "";
			targets = (
				8D1107260486CEB800E47090 /* Sosumi */,
			);
		};
/* End PBXProject section */

/* Begin PBXResourcesBuildPhase section */
		8D1107290486CEB800E47090 /* Resources */ = {
			isa = PBXResourcesBuildPhase;
			buildActionMask = 2147483647;
			files = (
				8D11072B0486CEB800E47090 /* InfoPlist.strings in Resources */,
				1DDD58160DA1D0A300B32029 /* MainMenu.xib in Resources */,
			);
			runOnlyForDeploymentPostprocessing = 0;
		};
/* End PBXResourcesBuildPhase section */

/* Begin PBXSourcesBuildPhase section */
		8D11072C0486CEB800E47090 /* Sources */ = {
			isa = PBXSourcesBuildPhase;
			buildActionMask = 2147483647;
			files = (
				8D11072D0486CEB800E47090 /* main.m in Sources */,
				256AC3DA0F4B6AC300CF3369 /* SosumiAppDelegate.m in Sources */,
				C68F2E3312B1C0DF00960C67 /* SSMManager.m in Sources */,
				C68F2E3D12B1C0FF00960C67 /* GTMHTTPFetcher.m in Sources */,
				C68F2E3E12B1C0FF00960C67 /* GTMHTTPFetcherLogging.m in Sources */,
				C68F2E3F12B1C0FF00960C67 /* GTMHTTPFetcherService.m in Sources */,
				C68F2E4012B1C0FF00960C67 /* GTMHTTPFetchHistory.m in Sources */,
				C68F2E5312B1C6D100960C67 /* NSData+Base64.m in Sources */,
				C68F2E5612B1C7B600960C67 /* SSMAccount.m in Sources */,
				C6973A5312B1DF7D00FE5982 /* NSObject+SBJSON.m in Sources */,
				C6973A5412B1DF7D00FE5982 /* NSString+SBJSON.m in Sources */,
				C6973A5512B1DF7D00FE5982 /* SBJsonBase.m in Sources */,
				C6973A5612B1DF7D00FE5982 /* SBJsonParser.m in Sources */,
				C6973A5712B1DF7D00FE5982 /* SBJsonWriter.m in Sources */,
			);
			runOnlyForDeploymentPostprocessing = 0;
		};
/* End PBXSourcesBuildPhase section */

/* Begin PBXVariantGroup section */
		089C165CFE840E0CC02AAC07 /* InfoPlist.strings */ = {
			isa = PBXVariantGroup;
			children = (
				089C165DFE840E0CC02AAC07 /* English */,
			);
			name = InfoPlist.strings;
			sourceTree = "<group>";
		};
		1DDD58140DA1D0A300B32029 /* MainMenu.xib */ = {
			isa = PBXVariantGroup;
			children = (
				1DDD58150DA1D0A300B32029 /* English */,
			);
			name = MainMenu.xib;
			sourceTree = "<group>";
		};
/* End PBXVariantGroup section */

/* Begin XCBuildConfiguration section */
		C01FCF4B08A954540054247B /* Debug */ = {
			isa = XCBuildConfiguration;
			buildSettings = {
				ALWAYS_SEARCH_USER_PATHS = NO;
				COPY_PHASE_STRIP = NO;
				GCC_DYNAMIC_NO_PIC = NO;
				GCC_ENABLE_FIX_AND_CONTINUE = YES;
				GCC_MODEL_TUNING = G5;
				GCC_OPTIMIZATION_LEVEL = 0;
				GCC_PRECOMPILE_PREFIX_HEADER = YES;
				GCC_PREFIX_HEADER = Sosumi_Prefix.pch;
				INFOPLIST_FILE = "Sosumi-Info.plist";
				INSTALL_PATH = "$(HOME)/Applications";
				PRODUCT_NAME = Sosumi;
			};
			name = Debug;
		};
		C01FCF4C08A954540054247B /* Release */ = {
			isa = XCBuildConfiguration;
			buildSettings = {
				ALWAYS_SEARCH_USER_PATHS = NO;
				DEBUG_INFORMATION_FORMAT = "dwarf-with-dsym";
				GCC_MODEL_TUNING = G5;
				GCC_PRECOMPILE_PREFIX_HEADER = YES;
				GCC_PREFIX_HEADER = Sosumi_Prefix.pch;
				INFOPLIST_FILE = "Sosumi-Info.plist";
				INSTALL_PATH = "$(HOME)/Applications";
				PRODUCT_NAME = Sosumi;
			};
			name = Release;
		};
		C01FCF4F08A954540054247B /* Debug */ = {
			isa = XCBuildConfiguration;
			buildSettings = {
				ARCHS = "$(ARCHS_STANDARD_32_64_BIT)";
				GCC_C_LANGUAGE_STANDARD = gnu99;
				GCC_OPTIMIZATION_LEVEL = 0;
				GCC_WARN_ABOUT_RETURN_TYPE = YES;
				GCC_WARN_UNUSED_VARIABLE = YES;
				ONLY_ACTIVE_ARCH = YES;
				PREBINDING = NO;
				SDKROOT = macosx10.6;
			};
			name = Debug;
		};
		C01FCF5008A954540054247B /* Release */ = {
			isa = XCBuildConfiguration;
			buildSettings = {
				ARCHS = "$(ARCHS_STANDARD_32_64_BIT)";
				GCC_C_LANGUAGE_STANDARD = gnu99;
				GCC_WARN_ABOUT_RETURN_TYPE = YES;
				GCC_WARN_UNUSED_VARIABLE = YES;
				PREBINDING = NO;
				SDKROOT = macosx10.6;
			};
			name = Release;
		};
/* End XCBuildConfiguration section */

/* Begin XCConfigurationList section */
		C01FCF4A08A954540054247B /* Build configuration list for PBXNativeTarget "Sosumi" */ = {
			isa = XCConfigurationList;
			buildConfigurations = (
				C01FCF4B08A954540054247B /* Debug */,
				C01FCF4C08A954540054247B /* Release */,
			);
			defaultConfigurationIsVisible = 0;
			defaultConfigurationName = Release;
		};
		C01FCF4E08A954540054247B /* Build configuration list for PBXProject "Sosumi" */ = {
			isa = XCConfigurationList;
			buildConfigurations = (
				C01FCF4F08A954540054247B /* Debug */,
				C01FCF5008A954540054247B /* Release */,
			);
			defaultConfigurationIsVisible = 0;
			defaultConfigurationName = Release;
		};
/* End XCConfigurationList section */
	};
	rootObject = 29B97313FDCFA39411CA2CEA /* Project object */;
}
